
Microsoft Visual Studio Solution File, Format Version 12.00
# Visual Studio 15
VisualStudioVersion = 15.0.27703.2035
MinimumVisualStudioVersion = 10.0.40219.1
Project("{FAE04EC0-301F-11D3-BF4B-00C04F79EFBC}") = "Hbsthalk", "Hbsthalk\Hbsthalk.csproj", "{5A6470D4-3574-4969-A7F2-16484CE687AA}"
EndProject
Global
	GlobalSection(SolutionConfigurationPlatforms) = preSolution
		Debug|Any CPU = Debug|Any CPU
		Release|Any CPU = Release|Any CPU
	EndGlobalSection
	GlobalSection(ProjectConfigurationPlatforms) = postSolution
		{5A6470D4-3574-4969-A7F2-16484CE687AA}.Debug|Any CPU.ActiveCfg = Debug|Any CPU
		{5A6470D4-3574-4969-A7F2-16484CE687AA}.Debug|Any CPU.Build.0 = Debug|Any CPU
		{5A6470D4-3574-4969-A7F2-16484CE687AA}.Release|Any CPU.ActiveCfg = Release|Any CPU
		{5A6470D4-3574-4969-A7F2-16484CE687AA}.Release|Any CPU.Build.0 = Release|Any CPU
	EndGlobalSection
	GlobalSection(SolutionProperties) = preSolution
		HideSolutionNode = FALSE
	EndGlobalSection
	GlobalSection(ExtensibilityGlobals) = postSolution
		SolutionGuid = {6392CFE3-1315-4D58-AA3B-AE5950EDCBA3}
	EndGlobalSection
EndGlobal
